
Microsoft Visual Studio Solution File, Format Version 12.00
Project("{2150E333-8FDC-42A3-9474-1A3956D46DE8}") = "Solution Items", "Solution Items", "{3704535A-4625-494C-9001-B4F47FE150A0}"
	ProjectSection(SolutionItems) = preProject
		.gitignore = .gitignore
		README.md = README.md
		.gitattributes = .gitattributes
		LICENCE.md = LICENCE.md
	EndProjectSection
EndProject
Project("{2150E333-8FDC-42A3-9474-1A3956D46DE8}") = "src", "src", "{9D0805C3-5B39-4403-AE0F-B4BD8FDBD870}"
EndProject
Project("{FAE04EC0-301F-11D3-BF4B-00C04F79EFBC}") = "Checkout.TakeHomeChallenge.BankSimulator", "src\Checkout.TakeHomeChallenge.BankSimulator\Checkout.TakeHomeChallenge.BankSimulator.csproj", "{93CC2D2F-376B-416C-99C4-326BA99E770D}"
EndProject
Project("{FAE04EC0-301F-11D3-BF4B-00C04F79EFBC}") = "Checkout.TakeHomeChallenge.Contracts", "src\Checkout.TakeHomeChallenge.Contracts\Checkout.TakeHomeChallenge.Contracts.csproj", "{CB824922-36A7-4E22-B830-722DDECC65FE}"
EndProject
Project("{2150E333-8FDC-42A3-9474-1A3956D46DE8}") = "tests", "tests", "{3D613B3F-2995-4605-9060-4E35A3E72F84}"
EndProject
Project("{FAE04EC0-301F-11D3-BF4B-00C04F79EFBC}") = "Checkout.TakeHomeChallenge.BankSimulator.IntegrationTests", "tests\Checkout.TakeHomeChallenge.BankSimulator.IntegrationTests\Checkout.TakeHomeChallenge.BankSimulator.IntegrationTests.csproj", "{E0D7F29A-BE87-4B0C-B332-315224601155}"
EndProject
Global
	GlobalSection(SolutionConfigurationPlatforms) = preSolution
		Debug|Any CPU = Debug|Any CPU
		Release|Any CPU = Release|Any CPU
	EndGlobalSection
	GlobalSection(NestedProjects) = preSolution
		{93CC2D2F-376B-416C-99C4-326BA99E770D} = {9D0805C3-5B39-4403-AE0F-B4BD8FDBD870}
		{CB824922-36A7-4E22-B830-722DDECC65FE} = {9D0805C3-5B39-4403-AE0F-B4BD8FDBD870}
		{E0D7F29A-BE87-4B0C-B332-315224601155} = {3D613B3F-2995-4605-9060-4E35A3E72F84}
	EndGlobalSection
	GlobalSection(ProjectConfigurationPlatforms) = postSolution
		{93CC2D2F-376B-416C-99C4-326BA99E770D}.Debug|Any CPU.ActiveCfg = Debug|Any CPU
		{93CC2D2F-376B-416C-99C4-326BA99E770D}.Debug|Any CPU.Build.0 = Debug|Any CPU
		{93CC2D2F-376B-416C-99C4-326BA99E770D}.Release|Any CPU.ActiveCfg = Release|Any CPU
		{93CC2D2F-376B-416C-99C4-326BA99E770D}.Release|Any CPU.Build.0 = Release|Any CPU
		{CB824922-36A7-4E22-B830-722DDECC65FE}.Debug|Any CPU.ActiveCfg = Debug|Any CPU
		{CB824922-36A7-4E22-B830-722DDECC65FE}.Debug|Any CPU.Build.0 = Debug|Any CPU
		{CB824922-36A7-4E22-B830-722DDECC65FE}.Release|Any CPU.ActiveCfg = Release|Any CPU
		{CB824922-36A7-4E22-B830-722DDECC65FE}.Release|Any CPU.Build.0 = Release|Any CPU
		{E0D7F29A-BE87-4B0C-B332-315224601155}.Debug|Any CPU.ActiveCfg = Debug|Any CPU
		{E0D7F29A-BE87-4B0C-B332-315224601155}.Debug|Any CPU.Build.0 = Debug|Any CPU
		{E0D7F29A-BE87-4B0C-B332-315224601155}.Release|Any CPU.ActiveCfg = Release|Any CPU
		{E0D7F29A-BE87-4B0C-B332-315224601155}.Release|Any CPU.Build.0 = Release|Any CPU
	EndGlobalSection
EndGlobal
